
Microsoft Visual Studio Solution File, Format Version 12.00
# Visual Studio Version 17
VisualStudioVersion = 17.2.32516.85
MinimumVisualStudioVersion = 10.0.40219.1
Project("{2150E333-8FDC-42A3-9474-1A3956D46DE8}") = "Building Blocks", "Building Blocks", "{83EED814-31AB-41F4-B514-1366025845CF}"
EndProject
Project("{2150E333-8FDC-42A3-9474-1A3956D46DE8}") = "Services", "Services", "{9163C9DA-A970-482E-A5D6-346D5CDC6F5E}"
EndProject
Project("{2150E333-8FDC-42A3-9474-1A3956D46DE8}") = "Web", "Web", "{F31C733C-469B-4592-9435-F97BB54ED2F3}"
EndProject
Project("{2150E333-8FDC-42A3-9474-1A3956D46DE8}") = "srv", "srv", "{B61C7481-F2F9-44C5-9344-39A6E827A733}"
EndProject
Project("{2150E333-8FDC-42A3-9474-1A3956D46DE8}") = "Identidade", "Identidade", "{D245BE28-D452-4986-A24B-9BE9F3DE36ED}"
EndProject
Project("{9A19103F-16F7-4668-BE54-9A1E7A4F7556}") = "Totaly.Services.Identidade.API", "src\Services\Totaly.Services.Identidade.API\Totaly.Services.Identidade.API.csproj", "{B68C9AA3-E80E-4E49-89D9-BC5B91A5A188}"
EndProject
Project("{2150E333-8FDC-42A3-9474-1A3956D46DE8}") = "MVC", "MVC", "{E4FE461D-77B5-4BC3-825E-E800DD5EA699}"
EndProject
Project("{2150E333-8FDC-42A3-9474-1A3956D46DE8}") = "Core", "Core", "{5CAC65D2-DDD3-4D8A-817B-E9064AD77D89}"
EndProject
Project("{9A19103F-16F7-4668-BE54-9A1E7A4F7556}") = "Totaly.BuldingBlocks.Core", "src\Building Blocks\Totaly.BuldingBlocks.Core\Totaly.BuldingBlocks.Core.csproj", "{E53D86E3-80DE-49D6-8026-C15D7FB8C40D}"
EndProject
Project("{2150E333-8FDC-42A3-9474-1A3956D46DE8}") = "Carrinho", "Carrinho", "{8ED7FE3F-1990-44ED-8DD6-DE4D8DEECD25}"
EndProject
Project("{2150E333-8FDC-42A3-9474-1A3956D46DE8}") = "Catalogo", "Catalogo", "{C760EE40-2907-486A-8E02-FBB6E822CF02}"
EndProject
Project("{2150E333-8FDC-42A3-9474-1A3956D46DE8}") = "Cliente", "Cliente", "{C9D3F114-051D-44F7-BE5E-0AD344A26DD7}"
EndProject
Project("{2150E333-8FDC-42A3-9474-1A3956D46DE8}") = "Pedido", "Pedido", "{6911A1B4-8E4B-431A-B77E-D6C56A5EEF21}"
EndProject
Project("{2150E333-8FDC-42A3-9474-1A3956D46DE8}") = "Pagamento", "Pagamento", "{4BB8C285-691B-4C45-887C-E09E124DCA2D}"
EndProject
Project("{9A19103F-16F7-4668-BE54-9A1E7A4F7556}") = "Totaly.Services.Carrinho.API", "src\Services\Totaly.Services.Carrinho.API\Totaly.Services.Carrinho.API.csproj", "{7C55D826-FCFA-4F93-976E-58F4FE0D694A}"
EndProject
Project("{9A19103F-16F7-4668-BE54-9A1E7A4F7556}") = "Totaly.Services.Clientes.API", "src\Services\Totaly.Services.Cliente.API\Totaly.Services.Clientes.API.csproj", "{3DDD0AE9-528B-4B65-8838-A3C0001E364E}"
EndProject
Project("{9A19103F-16F7-4668-BE54-9A1E7A4F7556}") = "Totaly.Services.Pagamento.API", "src\Services\Totaly.Services.Pagamento.API\Totaly.Services.Pagamento.API.csproj", "{45B213A0-5EF9-44F8-B1AD-6720A6F6CA39}"
EndProject
Project("{9A19103F-16F7-4668-BE54-9A1E7A4F7556}") = "Totaly.Services.Pedido.API", "src\Services\Totaly.Services.Pedido.API\Totaly.Services.Pedido.API.csproj", "{40752FE5-FC68-4546-B7F5-E6B7DDA3FFBF}"
EndProject
Project("{9A19103F-16F7-4668-BE54-9A1E7A4F7556}") = "Totaly.Services.Catalogo.API", "src\Services\Totaly.Services.Catalogo.API\Totaly.Services.Catalogo.API.csproj", "{B02B3956-7D17-4552-9A3D-417E4BD655BD}"
EndProject
Project("{2150E333-8FDC-42A3-9474-1A3956D46DE8}") = "Services", "Services", "{FBBE6EE2-87F1-4F6B-BEA6-E7961295F3D2}"
EndProject
Project("{9A19103F-16F7-4668-BE54-9A1E7A4F7556}") = "Totaly.WebApi.Core", "src\Building Blocks\Totaly.WebApi.Core\Totaly.WebApi.Core.csproj", "{46C2A43F-77A6-4BD5-B34C-D1CE8662CFEB}"
EndProject
Project("{2150E333-8FDC-42A3-9474-1A3956D46DE8}") = "MessageBus", "MessageBus", "{30C309C7-5611-4E2A-B547-D8123F7CF3A1}"
EndProject
Project("{9A19103F-16F7-4668-BE54-9A1E7A4F7556}") = "Totaly.MessageBus", "src\Building Blocks\Totaly.MessageBus\Totaly.MessageBus.csproj", "{CE66E1F4-6FBB-4CCA-B683-5F00650C6430}"
EndProject
Project("{9A19103F-16F7-4668-BE54-9A1E7A4F7556}") = "Totaly.WebApp.MVC", "src\Web\Totaly.WebApp.MVC\Totaly.WebApp.MVC.csproj", "{9E434C14-A7F8-45F1-80C7-2838E4531930}"
EndProject
Project("{9A19103F-16F7-4668-BE54-9A1E7A4F7556}") = "Testes", "Testes\Testes.csproj", "{07D197C7-BD2E-4697-B1C3-ED85E923295D}"
EndProject
Project("{2150E333-8FDC-42A3-9474-1A3956D46DE8}") = "ApiGateways", "ApiGateways", "{0E4FB2C3-B866-4D50-858D-2EEDEBE3735A}"
EndProject
Project("{FAE04EC0-301F-11D3-BF4B-00C04F79EFBC}") = "Totaly.BFF.Compras", "src\API Gateway\Totaly.BFF.Compras\Totaly.BFF.Compras.csproj", "{E387CFB0-3FF7-4C18-A95F-D0AD81664C30}"
EndProject
Global
	GlobalSection(SolutionConfigurationPlatforms) = preSolution
		Debug|Any CPU = Debug|Any CPU
		Release|Any CPU = Release|Any CPU
	EndGlobalSection
	GlobalSection(ProjectConfigurationPlatforms) = postSolution
		{B68C9AA3-E80E-4E49-89D9-BC5B91A5A188}.Debug|Any CPU.ActiveCfg = Debug|Any CPU
		{B68C9AA3-E80E-4E49-89D9-BC5B91A5A188}.Debug|Any CPU.Build.0 = Debug|Any CPU
		{B68C9AA3-E80E-4E49-89D9-BC5B91A5A188}.Release|Any CPU.ActiveCfg = Release|Any CPU
		{B68C9AA3-E80E-4E49-89D9-BC5B91A5A188}.Release|Any CPU.Build.0 = Release|Any CPU
		{E53D86E3-80DE-49D6-8026-C15D7FB8C40D}.Debug|Any CPU.ActiveCfg = Debug|Any CPU
		{E53D86E3-80DE-49D6-8026-C15D7FB8C40D}.Debug|Any CPU.Build.0 = Debug|Any CPU
		{E53D86E3-80DE-49D6-8026-C15D7FB8C40D}.Release|Any CPU.ActiveCfg = Release|Any CPU
		{E53D86E3-80DE-49D6-8026-C15D7FB8C40D}.Release|Any CPU.Build.0 = Release|Any CPU
		{7C55D826-FCFA-4F93-976E-58F4FE0D694A}.Debug|Any CPU.ActiveCfg = Debug|Any CPU
		{7C55D826-FCFA-4F93-976E-58F4FE0D694A}.Debug|Any CPU.Build.0 = Debug|Any CPU
		{7C55D826-FCFA-4F93-976E-58F4FE0D694A}.Release|Any CPU.ActiveCfg = Release|Any CPU
		{7C55D826-FCFA-4F93-976E-58F4FE0D694A}.Release|Any CPU.Build.0 = Release|Any CPU
		{3DDD0AE9-528B-4B65-8838-A3C0001E364E}.Debug|Any CPU.ActiveCfg = Debug|Any CPU
		{3DDD0AE9-528B-4B65-8838-A3C0001E364E}.Debug|Any CPU.Build.0 = Debug|Any CPU
		{3DDD0AE9-528B-4B65-8838-A3C0001E364E}.Release|Any CPU.ActiveCfg = Release|Any CPU
		{3DDD0AE9-528B-4B65-8838-A3C0001E364E}.Release|Any CPU.Build.0 = Release|Any CPU
		{45B213A0-5EF9-44F8-B1AD-6720A6F6CA39}.Debug|Any CPU.ActiveCfg = Debug|Any CPU
		{45B213A0-5EF9-44F8-B1AD-6720A6F6CA39}.Debug|Any CPU.Build.0 = Debug|Any CPU
		{45B213A0-5EF9-44F8-B1AD-6720A6F6CA39}.Release|Any CPU.ActiveCfg = Release|Any CPU
		{45B213A0-5EF9-44F8-B1AD-6720A6F6CA39}.Release|Any CPU.Build.0 = Release|Any CPU
		{40752FE5-FC68-4546-B7F5-E6B7DDA3FFBF}.Debug|Any CPU.ActiveCfg = Debug|Any CPU
		{40752FE5-FC68-4546-B7F5-E6B7DDA3FFBF}.Debug|Any CPU.Build.0 = Debug|Any CPU
		{40752FE5-FC68-4546-B7F5-E6B7DDA3FFBF}.Release|Any CPU.ActiveCfg = Release|Any CPU
		{40752FE5-FC68-4546-B7F5-E6B7DDA3FFBF}.Release|Any CPU.Build.0 = Release|Any CPU
		{B02B3956-7D17-4552-9A3D-417E4BD655BD}.Debug|Any CPU.ActiveCfg = Debug|Any CPU
		{B02B3956-7D17-4552-9A3D-417E4BD655BD}.Debug|Any CPU.Build.0 = Debug|Any CPU
		{B02B3956-7D17-4552-9A3D-417E4BD655BD}.Release|Any CPU.ActiveCfg = Release|Any CPU
		{B02B3956-7D17-4552-9A3D-417E4BD655BD}.Release|Any CPU.Build.0 = Release|Any CPU
		{46C2A43F-77A6-4BD5-B34C-D1CE8662CFEB}.Debug|Any CPU.ActiveCfg = Debug|Any CPU
		{46C2A43F-77A6-4BD5-B34C-D1CE8662CFEB}.Debug|Any CPU.Build.0 = Debug|Any CPU
		{46C2A43F-77A6-4BD5-B34C-D1CE8662CFEB}.Release|Any CPU.ActiveCfg = Release|Any CPU
		{46C2A43F-77A6-4BD5-B34C-D1CE8662CFEB}.Release|Any CPU.Build.0 = Release|Any CPU
		{CE66E1F4-6FBB-4CCA-B683-5F00650C6430}.Debug|Any CPU.ActiveCfg = Debug|Any CPU
		{CE66E1F4-6FBB-4CCA-B683-5F00650C6430}.Debug|Any CPU.Build.0 = Debug|Any CPU
		{CE66E1F4-6FBB-4CCA-B683-5F00650C6430}.Release|Any CPU.ActiveCfg = Release|Any CPU
		{CE66E1F4-6FBB-4CCA-B683-5F00650C6430}.Release|Any CPU.Build.0 = Release|Any CPU
		{9E434C14-A7F8-45F1-80C7-2838E4531930}.Debug|Any CPU.ActiveCfg = Debug|Any CPU
		{9E434C14-A7F8-45F1-80C7-2838E4531930}.Debug|Any CPU.Build.0 = Debug|Any CPU
		{9E434C14-A7F8-45F1-80C7-2838E4531930}.Release|Any CPU.ActiveCfg = Release|Any CPU
		{9E434C14-A7F8-45F1-80C7-2838E4531930}.Release|Any CPU.Build.0 = Release|Any CPU
		{07D197C7-BD2E-4697-B1C3-ED85E923295D}.Debug|Any CPU.ActiveCfg = Debug|Any CPU
		{07D197C7-BD2E-4697-B1C3-ED85E923295D}.Debug|Any CPU.Build.0 = Debug|Any CPU
		{07D197C7-BD2E-4697-B1C3-ED85E923295D}.Release|Any CPU.ActiveCfg = Release|Any CPU
		{07D197C7-BD2E-4697-B1C3-ED85E923295D}.Release|Any CPU.Build.0 = Release|Any CPU
		{E387CFB0-3FF7-4C18-A95F-D0AD81664C30}.Debug|Any CPU.ActiveCfg = Debug|Any CPU
		{E387CFB0-3FF7-4C18-A95F-D0AD81664C30}.Debug|Any CPU.Build.0 = Debug|Any CPU
		{E387CFB0-3FF7-4C18-A95F-D0AD81664C30}.Release|Any CPU.ActiveCfg = Release|Any CPU
		{E387CFB0-3FF7-4C18-A95F-D0AD81664C30}.Release|Any CPU.Build.0 = Release|Any CPU
	EndGlobalSection
	GlobalSection(SolutionProperties) = preSolution
		HideSolutionNode = FALSE
	EndGlobalSection
	GlobalSection(NestedProjects) = preSolution
		{83EED814-31AB-41F4-B514-1366025845CF} = {B61C7481-F2F9-44C5-9344-39A6E827A733}
		{9163C9DA-A970-482E-A5D6-346D5CDC6F5E} = {B61C7481-F2F9-44C5-9344-39A6E827A733}
		{F31C733C-469B-4592-9435-F97BB54ED2F3} = {B61C7481-F2F9-44C5-9344-39A6E827A733}
		{D245BE28-D452-4986-A24B-9BE9F3DE36ED} = {9163C9DA-A970-482E-A5D6-346D5CDC6F5E}
		{B68C9AA3-E80E-4E49-89D9-BC5B91A5A188} = {D245BE28-D452-4986-A24B-9BE9F3DE36ED}
		{E4FE461D-77B5-4BC3-825E-E800DD5EA699} = {F31C733C-469B-4592-9435-F97BB54ED2F3}
		{5CAC65D2-DDD3-4D8A-817B-E9064AD77D89} = {83EED814-31AB-41F4-B514-1366025845CF}
		{E53D86E3-80DE-49D6-8026-C15D7FB8C40D} = {5CAC65D2-DDD3-4D8A-817B-E9064AD77D89}
		{8ED7FE3F-1990-44ED-8DD6-DE4D8DEECD25} = {9163C9DA-A970-482E-A5D6-346D5CDC6F5E}
		{C760EE40-2907-486A-8E02-FBB6E822CF02} = {9163C9DA-A970-482E-A5D6-346D5CDC6F5E}
		{C9D3F114-051D-44F7-BE5E-0AD344A26DD7} = {9163C9DA-A970-482E-A5D6-346D5CDC6F5E}
		{6911A1B4-8E4B-431A-B77E-D6C56A5EEF21} = {9163C9DA-A970-482E-A5D6-346D5CDC6F5E}
		{4BB8C285-691B-4C45-887C-E09E124DCA2D} = {9163C9DA-A970-482E-A5D6-346D5CDC6F5E}
		{7C55D826-FCFA-4F93-976E-58F4FE0D694A} = {8ED7FE3F-1990-44ED-8DD6-DE4D8DEECD25}
		{3DDD0AE9-528B-4B65-8838-A3C0001E364E} = {C9D3F114-051D-44F7-BE5E-0AD344A26DD7}
		{45B213A0-5EF9-44F8-B1AD-6720A6F6CA39} = {4BB8C285-691B-4C45-887C-E09E124DCA2D}
		{40752FE5-FC68-4546-B7F5-E6B7DDA3FFBF} = {6911A1B4-8E4B-431A-B77E-D6C56A5EEF21}
		{B02B3956-7D17-4552-9A3D-417E4BD655BD} = {C760EE40-2907-486A-8E02-FBB6E822CF02}
		{FBBE6EE2-87F1-4F6B-BEA6-E7961295F3D2} = {83EED814-31AB-41F4-B514-1366025845CF}
		{46C2A43F-77A6-4BD5-B34C-D1CE8662CFEB} = {FBBE6EE2-87F1-4F6B-BEA6-E7961295F3D2}
		{30C309C7-5611-4E2A-B547-D8123F7CF3A1} = {83EED814-31AB-41F4-B514-1366025845CF}
		{CE66E1F4-6FBB-4CCA-B683-5F00650C6430} = {30C309C7-5611-4E2A-B547-D8123F7CF3A1}
		{9E434C14-A7F8-45F1-80C7-2838E4531930} = {E4FE461D-77B5-4BC3-825E-E800DD5EA699}
		{0E4FB2C3-B866-4D50-858D-2EEDEBE3735A} = {B61C7481-F2F9-44C5-9344-39A6E827A733}
		{E387CFB0-3FF7-4C18-A95F-D0AD81664C30} = {0E4FB2C3-B866-4D50-858D-2EEDEBE3735A}
	EndGlobalSection
	GlobalSection(ExtensibilityGlobals) = postSolution
		SolutionGuid = {227433A0-6BA3-47F1-96C8-D4E6BDBEFB9C}
	EndGlobalSection
EndGlobal
